// !$*UTF8*$!
{
	archiveVersion = 1;
	classes = {
	};
	objectVersion = 50;
	objects = {

/* Begin PBXBuildFile section */
		47763818248D933600E66215 /* AppDelegate.swift in Sources */ = {isa = PBXBuildFile; fileRef = 47763817248D933600E66215 /* AppDelegate.swift */; };
		4776381A248D933600E66215 /* SceneDelegate.swift in Sources */ = {isa = PBXBuildFile; fileRef = 47763819248D933600E66215 /* SceneDelegate.swift */; };
		4776381C248D933600E66215 /* ContentView.swift in Sources */ = {isa = PBXBuildFile; fileRef = 4776381B248D933600E66215 /* ContentView.swift */; };
		4776381E248D933D00E66215 /* Assets.xcassets in Resources */ = {isa = PBXBuildFile; fileRef = 4776381D248D933D00E66215 /* Assets.xcassets */; };
		47763821248D933D00E66215 /* Preview Assets.xcassets in Resources */ = {isa = PBXBuildFile; fileRef = 47763820248D933D00E66215 /* Preview Assets.xcassets */; };
		47763824248D933D00E66215 /* LaunchScreen.storyboard in Resources */ = {isa = PBXBuildFile; fileRef = 47763822248D933D00E66215 /* LaunchScreen.storyboard */; };
		47763830248D98EE00E66215 /* CartesianPlane.swift in Sources */ = {isa = PBXBuildFile; fileRef = 4776382F248D98EE00E66215 /* CartesianPlane.swift */; };
		47763838248DBA1100E66215 /* Point.swift in Sources */ = {isa = PBXBuildFile; fileRef = 47763837248DBA1100E66215 /* Point.swift */; };
/* End PBXBuildFile section */

/* Begin PBXFileReference section */
		47763814248D933600E66215 /* FunctionsGraph.app */ = {isa = PBXFileReference; explicitFileType = wrapper.application; includeInIndex = 0; path = FunctionsGraph.app; sourceTree = BUILT_PRODUCTS_DIR; };
		47763817248D933600E66215 /* AppDelegate.swift */ = {isa = PBXFileReference; lastKnownFileType = sourcecode.swift; path = AppDelegate.swift; sourceTree = "<group>"; };
		47763819248D933600E66215 /* SceneDelegate.swift */ = {isa = PBXFileReference; lastKnownFileType = sourcecode.swift; path = SceneDelegate.swift; sourceTree = "<group>"; };
		4776381B248D933600E66215 /* ContentView.swift */ = {isa = PBXFileReference; lastKnownFileType = sourcecode.swift; path = ContentView.swift; sourceTree = "<group>"; };
		4776381D248D933D00E66215 /* Assets.xcassets */ = {isa = PBXFileReference; lastKnownFileType = folder.assetcatalog; path = Assets.xcassets; sourceTree = "<group>"; };
		47763820248D933D00E66215 /* Preview Assets.xcassets */ = {isa = PBXFileReference; lastKnownFileType = folder.assetcatalog; path = "Preview Assets.xcassets"; sourceTree = "<group>"; };
		47763823248D933D00E66215 /* Base */ = {isa = PBXFileReference; lastKnownFileType = file.storyboard; name = Base; path = Base.lproj/LaunchScreen.storyboard; sourceTree = "<group>"; };
		47763825248D933D00E66215 /* Info.plist */ = {isa = PBXFileReference; lastKnownFileType = text.plist.xml; path = Info.plist; sourceTree = "<group>"; };
		4776382F248D98EE00E66215 /* CartesianPlane.swift */ = {isa = PBXFileReference; lastKnownFileType = sourcecode.swift; path = CartesianPlane.swift; sourceTree = "<group>"; };
		47763837248DBA1100E66215 /* Point.swift */ = {isa = PBXFileReference; lastKnownFileType = sourcecode.swift; path = Point.swift; sourceTree = "<group>"; };
/* End PBXFileReference section */

/* Begin PBXFrameworksBuildPhase section */
		47763811248D933600E66215 /* Frameworks */ = {
			isa = PBXFrameworksBuildPhase;
			buildActionMask = 2147483647;
			files = (
			);
			runOnlyForDeploymentPostprocessing = 0;
		};
/* End PBXFrameworksBuildPhase section */

/* Begin PBXGroup section */
		4776380B248D933600E66215 = {
			isa = PBXGroup;
			children = (
				47763816248D933600E66215 /* FunctionsGraph */,
				47763815248D933600E66215 /* Products */,
			);
			sourceTree = "<group>";
		};
		47763815248D933600E66215 /* Products */ = {
			isa = PBXGroup;
			children = (
				47763814248D933600E66215 /* FunctionsGraph.app */,
			);
			name = Products;
			sourceTree = "<group>";
		};
		47763816248D933600E66215 /* FunctionsGraph */ = {
			isa = PBXGroup;
			children = (
				4776382E248D985900E66215 /* Supporting Files */,
				4776382B248D982E00E66215 /* Views */,
				4776381F248D933D00E66215 /* Preview Content */,
			);
			path = FunctionsGraph;
			sourceTree = "<group>";
		};
		4776381F248D933D00E66215 /* Preview Content */ = {
			isa = PBXGroup;
			children = (
				47763820248D933D00E66215 /* Preview Assets.xcassets */,
			);
			path = "Preview Content";
			sourceTree = "<group>";
		};
		4776382B248D982E00E66215 /* Views */ = {
			isa = PBXGroup;
			children = (
				4776381B248D933600E66215 /* ContentView.swift */,
				4776382F248D98EE00E66215 /* CartesianPlane.swift */,
				47763837248DBA1100E66215 /* Point.swift */,
			);
			path = Views;
			sourceTree = "<group>";
		};
		4776382E248D985900E66215 /* Supporting Files */ = {
			isa = PBXGroup;
			children = (
				47763817248D933600E66215 /* AppDelegate.swift */,
				47763819248D933600E66215 /* SceneDelegate.swift */,
				4776381D248D933D00E66215 /* Assets.xcassets */,
				47763822248D933D00E66215 /* LaunchScreen.storyboard */,
				47763825248D933D00E66215 /* Info.plist */,
			);
			path = "Supporting Files";
			sourceTree = "<group>";
		};
/* End PBXGroup section */

/* Begin PBXNativeTarget section */
		47763813248D933600E66215 /* FunctionsGraph */ = {
			isa = PBXNativeTarget;
			buildConfigurationList = 47763828248D933D00E66215 /* Build configuration list for PBXNativeTarget "FunctionsGraph" */;
			buildPhases = (
				47763810248D933600E66215 /* Sources */,
				47763811248D933600E66215 /* Frameworks */,
				47763812248D933600E66215 /* Resources */,
			);
			buildRules = (
			);
			dependencies = (
			);
			name = FunctionsGraph;
			packageProductDependencies = (
			);
			productName = FunctionsGraph;
			productReference = 47763814248D933600E66215 /* FunctionsGraph.app */;
			productType = "com.apple.product-type.application";
		};
/* End PBXNativeTarget section */

/* Begin PBXProject section */
		4776380C248D933600E66215 /* Project object */ = {
			isa = PBXProject;
			attributes = {
				LastSwiftUpdateCheck = 1150;
				LastUpgradeCheck = 1150;
				ORGANIZATIONNAME = "Tiago Maia Lopes";
				TargetAttributes = {
					47763813248D933600E66215 = {
						CreatedOnToolsVersion = 11.5;
					};
				};
			};
			buildConfigurationList = 4776380F248D933600E66215 /* Build configuration list for PBXProject "FunctionsGraph" */;
			compatibilityVersion = "Xcode 9.3";
			developmentRegion = en;
			hasScannedForEncodings = 0;
			knownRegions = (
				en,
				Base,
			);
			mainGroup = 4776380B248D933600E66215;
			packageReferences = (
			);
			productRefGroup = 47763815248D933600E66215 /* Products */;
			projectDirPath = "";
			projectRoot = "";
			targets = (
				47763813248D933600E66215 /* FunctionsGraph */,
			);
		};
/* End PBXProject section */

/* Begin PBXResourcesBuildPhase section */
		47763812248D933600E66215 /* Resources */ = {
			isa = PBXResourcesBuildPhase;
			buildActionMask = 2147483647;
			files = (
				47763824248D933D00E66215 /* LaunchScreen.storyboard in Resources */,
				47763821248D933D00E66215 /* Preview Assets.xcassets in Resources */,
				4776381E248D933D00E66215 /* Assets.xcassets in Resources */,
			);
			runOnlyForDeploymentPostprocessing = 0;
		};
/* End PBXResourcesBuildPhase section */

/* Begin PBXSourcesBuildPhase section */
		47763810248D933600E66215 /* Sources */ = {
			isa = PBXSourcesBuildPhase;
			buildActionMask = 2147483647;
			files = (
				47763818248D933600E66215 /* AppDelegate.swift in Sources */,
				47763838248DBA1100E66215 /* Point.swift in Sources */,
				47763830248D98EE00E66215 /* CartesianPlane.swift in Sources */,
				4776381A248D933600E66215 /* SceneDelegate.swift in Sources */,
				4776381C248D933600E66215 /* ContentView.swift in Sources */,
			);
			runOnlyForDeploymentPostprocessing = 0;
		};
/* End PBXSourcesBuildPhase section */

/* Begin PBXVariantGroup section */
		47763822248D933D00E66215 /* LaunchScreen.storyboard */ = {
			isa = PBXVariantGroup;
			children = (
				47763823248D933D00E66215 /* Base */,
			);
			name = LaunchScreen.storyboard;
			sourceTree = "<group>";
		};
/* End PBXVariantGroup section */

/* Begin XCBuildConfiguration section */
		47763826248D933D00E66215 /* Debug */ = {
			isa = XCBuildConfiguration;
			buildSettings = {
				ALWAYS_SEARCH_USER_PATHS = NO;
				CLANG_ANALYZER_NONNULL = YES;
				CLANG_ANALYZER_NUMBER_OBJECT_CONVERSION = YES_AGGRESSIVE;
				CLANG_CXX_LANGUAGE_STANDARD = "gnu++14";
				CLANG_CXX_LIBRARY = "libc++";
				CLANG_ENABLE_MODULES = YES;
				CLANG_ENABLE_OBJC_ARC = YES;
				CLANG_ENABLE_OBJC_WEAK = YES;
				CLANG_WARN_BLOCK_CAPTURE_AUTORELEASING = YES;
				CLANG_WARN_BOOL_CONVERSION = YES;
				CLANG_WARN_COMMA = YES;
				CLANG_WARN_CONSTANT_CONVERSION = YES;
				CLANG_WARN_DEPRECATED_OBJC_IMPLEMENTATIONS = YES;
				CLANG_WARN_DIRECT_OBJC_ISA_USAGE = YES_ERROR;
				CLANG_WARN_DOCUMENTATION_COMMENTS = YES;
				CLANG_WARN_EMPTY_BODY = YES;
				CLANG_WARN_ENUM_CONVERSION = YES;
				CLANG_WARN_INFINITE_RECURSION = YES;
				CLANG_WARN_INT_CONVERSION = YES;
				CLANG_WARN_NON_LITERAL_NULL_CONVERSION = YES;
				CLANG_WARN_OBJC_IMPLICIT_RETAIN_SELF = YES;
				CLANG_WARN_OBJC_LITERAL_CONVERSION = YES;
				CLANG_WARN_OBJC_ROOT_CLASS = YES_ERROR;
				CLANG_WARN_RANGE_LOOP_ANALYSIS = YES;
				CLANG_WARN_STRICT_PROTOTYPES = YES;
				CLANG_WARN_SUSPICIOUS_MOVE = YES;
				CLANG_WARN_UNGUARDED_AVAILABILITY = YES_AGGRESSIVE;
				CLANG_WARN_UNREACHABLE_CODE = YES;
				CLANG_WARN__DUPLICATE_METHOD_MATCH = YES;
				COPY_PHASE_STRIP = NO;
				DEBUG_INFORMATION_FORMAT = dwarf;
				ENABLE_STRICT_OBJC_MSGSEND = YES;
				ENABLE_TESTABILITY = YES;
				GCC_C_LANGUAGE_STANDARD = gnu11;
				GCC_DYNAMIC_NO_PIC = NO;
				GCC_NO_COMMON_BLOCKS = YES;
				GCC_OPTIMIZATION_LEVEL = 0;
				GCC_PREPROCESSOR_DEFINITIONS = (
					"DEBUG=1",
					"$(inherited)",
				);
				GCC_WARN_64_TO_32_BIT_CONVERSION = YES;
				GCC_WARN_ABOUT_RETURN_TYPE = YES_ERROR;
				GCC_WARN_UNDECLARED_SELECTOR = YES;
				GCC_WARN_UNINITIALIZED_AUTOS = YES_AGGRESSIVE;
				GCC_WARN_UNUSED_FUNCTION = YES;
				GCC_WARN_UNUSED_VARIABLE = YES;
				IPHONEOS_DEPLOYMENT_TARGET = 13.5;
				MTL_ENABLE_DEBUG_INFO = INCLUDE_SOURCE;
				MTL_FAST_MATH = YES;
				ONLY_ACTIVE_ARCH = YES;
				SDKROOT = iphoneos;
				SWIFT_ACTIVE_COMPILATION_CONDITIONS = DEBUG;
				SWIFT_OPTIMIZATION_LEVEL = "-Onone";
			};
			name = Debug;
		};
		47763827248D933D00E66215 /* Release */ = {
			isa = XCBuildConfiguration;
			buildSettings = {
				ALWAYS_SEARCH_USER_PATHS = NO;
				CLANG_ANALYZER_NONNULL = YES;
				CLANG_ANALYZER_NUMBER_OBJECT_CONVERSION = YES_AGGRESSIVE;
				CLANG_CXX_LANGUAGE_STANDARD = "gnu++14";
				CLANG_CXX_LIBRARY = "libc++";
				CLANG_ENABLE_MODULES = YES;
				CLANG_ENABLE_OBJC_ARC = YES;
				CLANG_ENABLE_OBJC_WEAK = YES;
				CLANG_WARN_BLOCK_CAPTURE_AUTORELEASING = YES;
				CLANG_WARN_BOOL_CONVERSION = YES;
				CLANG_WARN_COMMA = YES;
				CLANG_WARN_CONSTANT_CONVERSION = YES;
				CLANG_WARN_DEPRECATED_OBJC_IMPLEMENTATIONS = YES;
				CLANG_WARN_DIRECT_OBJC_ISA_USAGE = YES_ERROR;
				CLANG_WARN_DOCUMENTATION_COMMENTS = YES;
				CLANG_WARN_EMPTY_BODY = YES;
				CLANG_WARN_ENUM_CONVERSION = YES;
				CLANG_WARN_INFINITE_RECURSION = YES;
				CLANG_WARN_INT_CONVERSION = YES;
				CLANG_WARN_NON_LITERAL_NULL_CONVERSION = YES;
				CLANG_WARN_OBJC_IMPLICIT_RETAIN_SELF = YES;
				CLANG_WARN_OBJC_LITERAL_CONVERSION = YES;
				CLANG_WARN_OBJC_ROOT_CLASS = YES_ERROR;
				CLANG_WARN_RANGE_LOOP_ANALYSIS = YES;
				CLANG_WARN_STRICT_PROTOTYPES = YES;
				CLANG_WARN_SUSPICIOUS_MOVE = YES;
				CLANG_WARN_UNGUARDED_AVAILABILITY = YES_AGGRESSIVE;
				CLANG_WARN_UNREACHABLE_CODE = YES;
				CLANG_WARN__DUPLICATE_METHOD_MATCH = YES;
				COPY_PHASE_STRIP = NO;
				DEBUG_INFORMATION_FORMAT = "dwarf-with-dsym";
				ENABLE_NS_ASSERTIONS = NO;
				ENABLE_STRICT_OBJC_MSGSEND = YES;
				GCC_C_LANGUAGE_STANDARD = gnu11;
				GCC_NO_COMMON_BLOCKS = YES;
				GCC_WARN_64_TO_32_BIT_CONVERSION = YES;
				GCC_WARN_ABOUT_RETURN_TYPE = YES_ERROR;
				GCC_WARN_UNDECLARED_SELECTOR = YES;
				GCC_WARN_UNINITIALIZED_AUTOS = YES_AGGRESSIVE;
				GCC_WARN_UNUSED_FUNCTION = YES;
				GCC_WARN_UNUSED_VARIABLE = YES;
				IPHONEOS_DEPLOYMENT_TARGET = 13.5;
				MTL_ENABLE_DEBUG_INFO = NO;
				MTL_FAST_MATH = YES;
				SDKROOT = iphoneos;
				SWIFT_COMPILATION_MODE = wholemodule;
				SWIFT_OPTIMIZATION_LEVEL = "-O";
				VALIDATE_PRODUCT = YES;
			};
			name = Release;
		};
		47763829248D933D00E66215 /* Debug */ = {
			isa = XCBuildConfiguration;
			buildSettings = {
				ASSETCATALOG_COMPILER_APPICON_NAME = AppIcon;
				CODE_SIGN_STYLE = Automatic;
				DEVELOPMENT_ASSET_PATHS = "\"FunctionsGraph/Preview Content\"";
				DEVELOPMENT_TEAM = 79964U8894;
				ENABLE_PREVIEWS = YES;
				INFOPLIST_FILE = "FunctionsGraph/Supporting Files/Info.plist";
				LD_RUNPATH_SEARCH_PATHS = (
					"$(inherited)",
					"@executable_path/Frameworks",
				);
				PRODUCT_BUNDLE_IDENTIFIER = tiago.maia.FunctionsGraph;
				PRODUCT_NAME = "$(TARGET_NAME)";
				SWIFT_VERSION = 5.0;
				TARGETED_DEVICE_FAMILY = "1,2";
			};
			name = Debug;
		};
		4776382A248D933D00E66215 /* Release */ = {
			isa = XCBuildConfiguration;
			buildSettings = {
				ASSETCATALOG_COMPILER_APPICON_NAME = AppIcon;
				CODE_SIGN_STYLE = Automatic;
				DEVELOPMENT_ASSET_PATHS = "\"FunctionsGraph/Preview Content\"";
				DEVELOPMENT_TEAM = 79964U8894;
				ENABLE_PREVIEWS = YES;
				INFOPLIST_FILE = "FunctionsGraph/Supporting Files/Info.plist";
				LD_RUNPATH_SEARCH_PATHS = (
					"$(inherited)",
					"@executable_path/Frameworks",
				);
				PRODUCT_BUNDLE_IDENTIFIER = tiago.maia.FunctionsGraph;
				PRODUCT_NAME = "$(TARGET_NAME)";
				SWIFT_VERSION = 5.0;
				TARGETED_DEVICE_FAMILY = "1,2";
			};
			name = Release;
		};
/* End XCBuildConfiguration section */

/* Begin XCConfigurationList section */
		4776380F248D933600E66215 /* Build configuration list for PBXProject "FunctionsGraph" */ = {
			isa = XCConfigurationList;
			buildConfigurations = (
				47763826248D933D00E66215 /* Debug */,
				47763827248D933D00E66215 /* Release */,
			);
			defaultConfigurationIsVisible = 0;
			defaultConfigurationName = Release;
		};
		47763828248D933D00E66215 /* Build configuration list for PBXNativeTarget "FunctionsGraph" */ = {
			isa = XCConfigurationList;
			buildConfigurations = (
				47763829248D933D00E66215 /* Debug */,
				4776382A248D933D00E66215 /* Release */,
			);
			defaultConfigurationIsVisible = 0;
			defaultConfigurationName = Release;
		};
/* End XCConfigurationList section */
	};
	rootObject = 4776380C248D933600E66215 /* Project object */;
}
